// !$*UTF8*$!
{
	archiveVersion = 1;
	classes = {
	};
	objectVersion = 50;
	objects = {

/* Begin PBXBuildFile section */
		8A050D6D2244AA19009BCF92 /* 7_UniqueEmails.swift in Sources */ = {isa = PBXBuildFile; fileRef = 8A050D6C2244AA19009BCF92 /* 7_UniqueEmails.swift */; };
		8A050D6F2244BC8B009BCF92 /* 8_MorseCode.swift in Sources */ = {isa = PBXBuildFile; fileRef = 8A050D6E2244BC8B009BCF92 /* 8_MorseCode.swift */; };
		8A050D712244C3FC009BCF92 /* 9_NRepeated.swift in Sources */ = {isa = PBXBuildFile; fileRef = 8A050D702244C3FC009BCF92 /* 9_NRepeated.swift */; };
		8A7914B42247DBCE0050DFD3 /* 13_ReturnToOrigin.swift in Sources */ = {isa = PBXBuildFile; fileRef = 8A7914B32247DBCE0050DFD3 /* 13_ReturnToOrigin.swift */; };
		8A7914B62247FA070050DFD3 /* 14_DIStringMatch.swift in Sources */ = {isa = PBXBuildFile; fileRef = 8A7914B52247FA070050DFD3 /* 14_DIStringMatch.swift */; };
		8A7914B822481FB10050DFD3 /* 15_HammingDistance.swift in Sources */ = {isa = PBXBuildFile; fileRef = 8A7914B722481FB10050DFD3 /* 15_HammingDistance.swift */; };
		8A7914BA224830270050DFD3 /* 16_DeleteColumnsSorted.swift in Sources */ = {isa = PBXBuildFile; fileRef = 8A7914B9224830270050DFD3 /* 16_DeleteColumnsSorted.swift */; };
		8A7914BC22483B040050DFD3 /* 17_MergeBinaryTrees.swift in Sources */ = {isa = PBXBuildFile; fileRef = 8A7914BB22483B040050DFD3 /* 17_MergeBinaryTrees.swift */; };
		8A7914BE224890930050DFD3 /* 18_SubdomainVisitCount.swift in Sources */ = {isa = PBXBuildFile; fileRef = 8A7914BD224890930050DFD3 /* 18_SubdomainVisitCount.swift */; };
		8A9C5EF72240AAA600EE0CE0 /* main.swift in Sources */ = {isa = PBXBuildFile; fileRef = 8A9C5EF62240AAA600EE0CE0 /* main.swift */; };
		8A9C5EFF2240AABE00EE0CE0 /* 1_TwoSums.swift in Sources */ = {isa = PBXBuildFile; fileRef = 8A9C5EFE2240AABE00EE0CE0 /* 1_TwoSums.swift */; };
		8A9C5F012240AC9400EE0CE0 /* 2_TwoSumsBST.swift in Sources */ = {isa = PBXBuildFile; fileRef = 8A9C5F002240AC9400EE0CE0 /* 2_TwoSumsBST.swift */; };
		8A9C5F122241EF2C00EE0CE0 /* 3_TwoSumsOOP.swift in Sources */ = {isa = PBXBuildFile; fileRef = 8A9C5F112241EF2C00EE0CE0 /* 3_TwoSumsOOP.swift */; };
		8A9C5F142242002000EE0CE0 /* 4_JewelsAndStones.swift in Sources */ = {isa = PBXBuildFile; fileRef = 8A9C5F132242002000EE0CE0 /* 4_JewelsAndStones.swift */; };
		8A9C5F1622420A0600EE0CE0 /* 5_AnagramMappings.swift in Sources */ = {isa = PBXBuildFile; fileRef = 8A9C5F1522420A0600EE0CE0 /* 5_AnagramMappings.swift */; };
		8A9C5F182242116000EE0CE0 /* 6_ToLowerString.swift in Sources */ = {isa = PBXBuildFile; fileRef = 8A9C5F172242116000EE0CE0 /* 6_ToLowerString.swift */; };
		8A9DF11E2245ED2E000543F1 /* 10_SortedSquares.swift in Sources */ = {isa = PBXBuildFile; fileRef = 8A9DF11D2245ED2E000543F1 /* 10_SortedSquares.swift */; };
		8A9DF1202245FD66000543F1 /* 11_SortArrayByParity.swift in Sources */ = {isa = PBXBuildFile; fileRef = 8A9DF11F2245FD66000543F1 /* 11_SortArrayByParity.swift */; };
		8A9DF12222460B9D000543F1 /* 12_ImageFlip.swift in Sources */ = {isa = PBXBuildFile; fileRef = 8A9DF12122460B9D000543F1 /* 12_ImageFlip.swift */; };
/* End PBXBuildFile section */

/* Begin PBXCopyFilesBuildPhase section */
		8A9C5EF12240AAA600EE0CE0 /* CopyFiles */ = {
			isa = PBXCopyFilesBuildPhase;
			buildActionMask = 2147483647;
			dstPath = /usr/share/man/man1/;
			dstSubfolderSpec = 0;
			files = (
			);
			runOnlyForDeploymentPostprocessing = 1;
		};
/* End PBXCopyFilesBuildPhase section */

/* Begin PBXFileReference section */
		8A050D6C2244AA19009BCF92 /* 7_UniqueEmails.swift */ = {isa = PBXFileReference; lastKnownFileType = sourcecode.swift; path = 7_UniqueEmails.swift; sourceTree = "<group>"; };
		8A050D6E2244BC8B009BCF92 /* 8_MorseCode.swift */ = {isa = PBXFileReference; lastKnownFileType = sourcecode.swift; path = 8_MorseCode.swift; sourceTree = "<group>"; };
		8A050D702244C3FC009BCF92 /* 9_NRepeated.swift */ = {isa = PBXFileReference; lastKnownFileType = sourcecode.swift; path = 9_NRepeated.swift; sourceTree = "<group>"; };
		8A7914B32247DBCE0050DFD3 /* 13_ReturnToOrigin.swift */ = {isa = PBXFileReference; lastKnownFileType = sourcecode.swift; path = 13_ReturnToOrigin.swift; sourceTree = "<group>"; };
		8A7914B52247FA070050DFD3 /* 14_DIStringMatch.swift */ = {isa = PBXFileReference; lastKnownFileType = sourcecode.swift; path = 14_DIStringMatch.swift; sourceTree = "<group>"; };
		8A7914B722481FB10050DFD3 /* 15_HammingDistance.swift */ = {isa = PBXFileReference; lastKnownFileType = sourcecode.swift; path = 15_HammingDistance.swift; sourceTree = "<group>"; };
		8A7914B9224830270050DFD3 /* 16_DeleteColumnsSorted.swift */ = {isa = PBXFileReference; lastKnownFileType = sourcecode.swift; path = 16_DeleteColumnsSorted.swift; sourceTree = "<group>"; };
		8A7914BB22483B040050DFD3 /* 17_MergeBinaryTrees.swift */ = {isa = PBXFileReference; lastKnownFileType = sourcecode.swift; path = 17_MergeBinaryTrees.swift; sourceTree = "<group>"; };
		8A7914BD224890930050DFD3 /* 18_SubdomainVisitCount.swift */ = {isa = PBXFileReference; lastKnownFileType = sourcecode.swift; path = 18_SubdomainVisitCount.swift; sourceTree = "<group>"; };
		8A9C5EF32240AAA600EE0CE0 /* LeetCodeChallenge */ = {isa = PBXFileReference; explicitFileType = "compiled.mach-o.executable"; includeInIndex = 0; path = LeetCodeChallenge; sourceTree = BUILT_PRODUCTS_DIR; };
		8A9C5EF62240AAA600EE0CE0 /* main.swift */ = {isa = PBXFileReference; lastKnownFileType = sourcecode.swift; path = main.swift; sourceTree = "<group>"; };
		8A9C5EFE2240AABE00EE0CE0 /* 1_TwoSums.swift */ = {isa = PBXFileReference; lastKnownFileType = sourcecode.swift; path = 1_TwoSums.swift; sourceTree = "<group>"; };
		8A9C5F002240AC9400EE0CE0 /* 2_TwoSumsBST.swift */ = {isa = PBXFileReference; lastKnownFileType = sourcecode.swift; path = 2_TwoSumsBST.swift; sourceTree = "<group>"; };
		8A9C5F112241EF2C00EE0CE0 /* 3_TwoSumsOOP.swift */ = {isa = PBXFileReference; lastKnownFileType = sourcecode.swift; path = 3_TwoSumsOOP.swift; sourceTree = "<group>"; };
		8A9C5F132242002000EE0CE0 /* 4_JewelsAndStones.swift */ = {isa = PBXFileReference; lastKnownFileType = sourcecode.swift; path = 4_JewelsAndStones.swift; sourceTree = "<group>"; };
		8A9C5F1522420A0600EE0CE0 /* 5_AnagramMappings.swift */ = {isa = PBXFileReference; lastKnownFileType = sourcecode.swift; path = 5_AnagramMappings.swift; sourceTree = "<group>"; };
		8A9C5F172242116000EE0CE0 /* 6_ToLowerString.swift */ = {isa = PBXFileReference; lastKnownFileType = sourcecode.swift; path = 6_ToLowerString.swift; sourceTree = "<group>"; };
		8A9DF11D2245ED2E000543F1 /* 10_SortedSquares.swift */ = {isa = PBXFileReference; lastKnownFileType = sourcecode.swift; path = 10_SortedSquares.swift; sourceTree = "<group>"; };
		8A9DF11F2245FD66000543F1 /* 11_SortArrayByParity.swift */ = {isa = PBXFileReference; lastKnownFileType = sourcecode.swift; path = 11_SortArrayByParity.swift; sourceTree = "<group>"; };
		8A9DF12122460B9D000543F1 /* 12_ImageFlip.swift */ = {isa = PBXFileReference; lastKnownFileType = sourcecode.swift; path = 12_ImageFlip.swift; sourceTree = "<group>"; };
/* End PBXFileReference section */

/* Begin PBXFrameworksBuildPhase section */
		8A9C5EF02240AAA600EE0CE0 /* Frameworks */ = {
			isa = PBXFrameworksBuildPhase;
			buildActionMask = 2147483647;
			files = (
			);
			runOnlyForDeploymentPostprocessing = 0;
		};
/* End PBXFrameworksBuildPhase section */

/* Begin PBXGroup section */
		8A9C5EEA2240AAA600EE0CE0 = {
			isa = PBXGroup;
			children = (
				8A9C5EF62240AAA600EE0CE0 /* main.swift */,
				8A9C5EFD2240AAAA00EE0CE0 /* Challenges */,
				8A9C5EF42240AAA600EE0CE0 /* Products */,
			);
			sourceTree = "<group>";
		};
		8A9C5EF42240AAA600EE0CE0 /* Products */ = {
			isa = PBXGroup;
			children = (
				8A9C5EF32240AAA600EE0CE0 /* LeetCodeChallenge */,
			);
			name = Products;
			sourceTree = "<group>";
		};
		8A9C5EFD2240AAAA00EE0CE0 /* Challenges */ = {
			isa = PBXGroup;
			children = (
				8A9C5EFE2240AABE00EE0CE0 /* 1_TwoSums.swift */,
				8A9C5F002240AC9400EE0CE0 /* 2_TwoSumsBST.swift */,
				8A9C5F112241EF2C00EE0CE0 /* 3_TwoSumsOOP.swift */,
				8A9C5F132242002000EE0CE0 /* 4_JewelsAndStones.swift */,
				8A9C5F1522420A0600EE0CE0 /* 5_AnagramMappings.swift */,
				8A9C5F172242116000EE0CE0 /* 6_ToLowerString.swift */,
				8A050D6C2244AA19009BCF92 /* 7_UniqueEmails.swift */,
				8A050D6E2244BC8B009BCF92 /* 8_MorseCode.swift */,
				8A050D702244C3FC009BCF92 /* 9_NRepeated.swift */,
				8A9DF11D2245ED2E000543F1 /* 10_SortedSquares.swift */,
				8A9DF11F2245FD66000543F1 /* 11_SortArrayByParity.swift */,
				8A9DF12122460B9D000543F1 /* 12_ImageFlip.swift */,
				8A7914B32247DBCE0050DFD3 /* 13_ReturnToOrigin.swift */,
				8A7914B52247FA070050DFD3 /* 14_DIStringMatch.swift */,
				8A7914B722481FB10050DFD3 /* 15_HammingDistance.swift */,
				8A7914B9224830270050DFD3 /* 16_DeleteColumnsSorted.swift */,
				8A7914BB22483B040050DFD3 /* 17_MergeBinaryTrees.swift */,
				8A7914BD224890930050DFD3 /* 18_SubdomainVisitCount.swift */,
			);
			path = Challenges;
			sourceTree = "<group>";
		};
/* End PBXGroup section */

/* Begin PBXNativeTarget section */
		8A9C5EF22240AAA600EE0CE0 /* LeetCodeChallenge */ = {
			isa = PBXNativeTarget;
			buildConfigurationList = 8A9C5EFA2240AAA600EE0CE0 /* Build configuration list for PBXNativeTarget "LeetCodeChallenge" */;
			buildPhases = (
				8A9C5EEF2240AAA600EE0CE0 /* Sources */,
				8A9C5EF02240AAA600EE0CE0 /* Frameworks */,
				8A9C5EF12240AAA600EE0CE0 /* CopyFiles */,
			);
			buildRules = (
			);
			dependencies = (
			);
			name = LeetCodeChallenge;
			productName = LeetCodeChallenge;
			productReference = 8A9C5EF32240AAA600EE0CE0 /* LeetCodeChallenge */;
			productType = "com.apple.product-type.tool";
		};
/* End PBXNativeTarget section */

/* Begin PBXProject section */
		8A9C5EEB2240AAA600EE0CE0 /* Project object */ = {
			isa = PBXProject;
			attributes = {
				LastSwiftUpdateCheck = 1010;
				LastUpgradeCheck = 1010;
				ORGANIZATIONNAME = "TrackVia, Inc.";
				TargetAttributes = {
					8A9C5EF22240AAA600EE0CE0 = {
						CreatedOnToolsVersion = 10.1;
					};
				};
			};
			buildConfigurationList = 8A9C5EEE2240AAA600EE0CE0 /* Build configuration list for PBXProject "LeetCodeChallenge" */;
			compatibilityVersion = "Xcode 9.3";
			developmentRegion = en;
			hasScannedForEncodings = 0;
			knownRegions = (
				en,
			);
			mainGroup = 8A9C5EEA2240AAA600EE0CE0;
			productRefGroup = 8A9C5EF42240AAA600EE0CE0 /* Products */;
			projectDirPath = "";
			projectRoot = "";
			targets = (
				8A9C5EF22240AAA600EE0CE0 /* LeetCodeChallenge */,
			);
		};
/* End PBXProject section */

/* Begin PBXSourcesBuildPhase section */
		8A9C5EEF2240AAA600EE0CE0 /* Sources */ = {
			isa = PBXSourcesBuildPhase;
			buildActionMask = 2147483647;
			files = (
				8A9C5F012240AC9400EE0CE0 /* 2_TwoSumsBST.swift in Sources */,
				8A9DF11E2245ED2E000543F1 /* 10_SortedSquares.swift in Sources */,
				8A9C5F142242002000EE0CE0 /* 4_JewelsAndStones.swift in Sources */,
				8A9C5F1622420A0600EE0CE0 /* 5_AnagramMappings.swift in Sources */,
				8A7914BA224830270050DFD3 /* 16_DeleteColumnsSorted.swift in Sources */,
				8A7914B822481FB10050DFD3 /* 15_HammingDistance.swift in Sources */,
				8A7914BE224890930050DFD3 /* 18_SubdomainVisitCount.swift in Sources */,
				8A9C5EFF2240AABE00EE0CE0 /* 1_TwoSums.swift in Sources */,
				8A7914BC22483B040050DFD3 /* 17_MergeBinaryTrees.swift in Sources */,
				8A9DF1202245FD66000543F1 /* 11_SortArrayByParity.swift in Sources */,
				8A050D712244C3FC009BCF92 /* 9_NRepeated.swift in Sources */,
				8A9C5EF72240AAA600EE0CE0 /* main.swift in Sources */,
				8A9C5F182242116000EE0CE0 /* 6_ToLowerString.swift in Sources */,
				8A9C5F122241EF2C00EE0CE0 /* 3_TwoSumsOOP.swift in Sources */,
				8A9DF12222460B9D000543F1 /* 12_ImageFlip.swift in Sources */,
				8A7914B62247FA070050DFD3 /* 14_DIStringMatch.swift in Sources */,
				8A050D6D2244AA19009BCF92 /* 7_UniqueEmails.swift in Sources */,
				8A7914B42247DBCE0050DFD3 /* 13_ReturnToOrigin.swift in Sources */,
				8A050D6F2244BC8B009BCF92 /* 8_MorseCode.swift in Sources */,
			);
			runOnlyForDeploymentPostprocessing = 0;
		};
/* End PBXSourcesBuildPhase section */

/* Begin XCBuildConfiguration section */
		8A9C5EF82240AAA600EE0CE0 /* Debug */ = {
			isa = XCBuildConfiguration;
			buildSettings = {
				ALWAYS_SEARCH_USER_PATHS = NO;
				CLANG_ANALYZER_NONNULL = YES;
				CLANG_ANALYZER_NUMBER_OBJECT_CONVERSION = YES_AGGRESSIVE;
				CLANG_CXX_LANGUAGE_STANDARD = "gnu++14";
				CLANG_CXX_LIBRARY = "libc++";
				CLANG_ENABLE_MODULES = YES;
				CLANG_ENABLE_OBJC_ARC = YES;
				CLANG_ENABLE_OBJC_WEAK = YES;
				CLANG_WARN_BLOCK_CAPTURE_AUTORELEASING = YES;
				CLANG_WARN_BOOL_CONVERSION = YES;
				CLANG_WARN_COMMA = YES;
				CLANG_WARN_CONSTANT_CONVERSION = YES;
				CLANG_WARN_DEPRECATED_OBJC_IMPLEMENTATIONS = YES;
				CLANG_WARN_DIRECT_OBJC_ISA_USAGE = YES_ERROR;
				CLANG_WARN_DOCUMENTATION_COMMENTS = YES;
				CLANG_WARN_EMPTY_BODY = YES;
				CLANG_WARN_ENUM_CONVERSION = YES;
				CLANG_WARN_INFINITE_RECURSION = YES;
				CLANG_WARN_INT_CONVERSION = YES;
				CLANG_WARN_NON_LITERAL_NULL_CONVERSION = YES;
				CLANG_WARN_OBJC_IMPLICIT_RETAIN_SELF = YES;
				CLANG_WARN_OBJC_LITERAL_CONVERSION = YES;
				CLANG_WARN_OBJC_ROOT_CLASS = YES_ERROR;
				CLANG_WARN_RANGE_LOOP_ANALYSIS = YES;
				CLANG_WARN_STRICT_PROTOTYPES = YES;
				CLANG_WARN_SUSPICIOUS_MOVE = YES;
				CLANG_WARN_UNGUARDED_AVAILABILITY = YES_AGGRESSIVE;
				CLANG_WARN_UNREACHABLE_CODE = YES;
				CLANG_WARN__DUPLICATE_METHOD_MATCH = YES;
				CODE_SIGN_IDENTITY = "Mac Developer";
				COPY_PHASE_STRIP = NO;
				DEBUG_INFORMATION_FORMAT = dwarf;
				ENABLE_STRICT_OBJC_MSGSEND = YES;
				ENABLE_TESTABILITY = YES;
				GCC_C_LANGUAGE_STANDARD = gnu11;
				GCC_DYNAMIC_NO_PIC = NO;
				GCC_NO_COMMON_BLOCKS = YES;
				GCC_OPTIMIZATION_LEVEL = 0;
				GCC_PREPROCESSOR_DEFINITIONS = (
					"DEBUG=1",
					"$(inherited)",
				);
				GCC_WARN_64_TO_32_BIT_CONVERSION = YES;
				GCC_WARN_ABOUT_RETURN_TYPE = YES_ERROR;
				GCC_WARN_UNDECLARED_SELECTOR = YES;
				GCC_WARN_UNINITIALIZED_AUTOS = YES_AGGRESSIVE;
				GCC_WARN_UNUSED_FUNCTION = YES;
				GCC_WARN_UNUSED_VARIABLE = YES;
				MACOSX_DEPLOYMENT_TARGET = 10.14;
				MTL_ENABLE_DEBUG_INFO = INCLUDE_SOURCE;
				MTL_FAST_MATH = YES;
				ONLY_ACTIVE_ARCH = YES;
				SDKROOT = macosx;
				SWIFT_ACTIVE_COMPILATION_CONDITIONS = DEBUG;
				SWIFT_OPTIMIZATION_LEVEL = "-Onone";
			};
			name = Debug;
		};
		8A9C5EF92240AAA600EE0CE0 /* Release */ = {
			isa = XCBuildConfiguration;
			buildSettings = {
				ALWAYS_SEARCH_USER_PATHS = NO;
				CLANG_ANALYZER_NONNULL = YES;
				CLANG_ANALYZER_NUMBER_OBJECT_CONVERSION = YES_AGGRESSIVE;
				CLANG_CXX_LANGUAGE_STANDARD = "gnu++14";
				CLANG_CXX_LIBRARY = "libc++";
				CLANG_ENABLE_MODULES = YES;
				CLANG_ENABLE_OBJC_ARC = YES;
				CLANG_ENABLE_OBJC_WEAK = YES;
				CLANG_WARN_BLOCK_CAPTURE_AUTORELEASING = YES;
				CLANG_WARN_BOOL_CONVERSION = YES;
				CLANG_WARN_COMMA = YES;
				CLANG_WARN_CONSTANT_CONVERSION = YES;
				CLANG_WARN_DEPRECATED_OBJC_IMPLEMENTATIONS = YES;
				CLANG_WARN_DIRECT_OBJC_ISA_USAGE = YES_ERROR;
				CLANG_WARN_DOCUMENTATION_COMMENTS = YES;
				CLANG_WARN_EMPTY_BODY = YES;
				CLANG_WARN_ENUM_CONVERSION = YES;
				CLANG_WARN_INFINITE_RECURSION = YES;
				CLANG_WARN_INT_CONVERSION = YES;
				CLANG_WARN_NON_LITERAL_NULL_CONVERSION = YES;
				CLANG_WARN_OBJC_IMPLICIT_RETAIN_SELF = YES;
				CLANG_WARN_OBJC_LITERAL_CONVERSION = YES;
				CLANG_WARN_OBJC_ROOT_CLASS = YES_ERROR;
				CLANG_WARN_RANGE_LOOP_ANALYSIS = YES;
				CLANG_WARN_STRICT_PROTOTYPES = YES;
				CLANG_WARN_SUSPICIOUS_MOVE = YES;
				CLANG_WARN_UNGUARDED_AVAILABILITY = YES_AGGRESSIVE;
				CLANG_WARN_UNREACHABLE_CODE = YES;
				CLANG_WARN__DUPLICATE_METHOD_MATCH = YES;
				CODE_SIGN_IDENTITY = "Mac Developer";
				COPY_PHASE_STRIP = NO;
				DEBUG_INFORMATION_FORMAT = "dwarf-with-dsym";
				ENABLE_NS_ASSERTIONS = NO;
				ENABLE_STRICT_OBJC_MSGSEND = YES;
				GCC_C_LANGUAGE_STANDARD = gnu11;
				GCC_NO_COMMON_BLOCKS = YES;
				GCC_WARN_64_TO_32_BIT_CONVERSION = YES;
				GCC_WARN_ABOUT_RETURN_TYPE = YES_ERROR;
				GCC_WARN_UNDECLARED_SELECTOR = YES;
				GCC_WARN_UNINITIALIZED_AUTOS = YES_AGGRESSIVE;
				GCC_WARN_UNUSED_FUNCTION = YES;
				GCC_WARN_UNUSED_VARIABLE = YES;
				MACOSX_DEPLOYMENT_TARGET = 10.14;
				MTL_ENABLE_DEBUG_INFO = NO;
				MTL_FAST_MATH = YES;
				SDKROOT = macosx;
				SWIFT_COMPILATION_MODE = wholemodule;
				SWIFT_OPTIMIZATION_LEVEL = "-O";
			};
			name = Release;
		};
		8A9C5EFB2240AAA600EE0CE0 /* Debug */ = {
			isa = XCBuildConfiguration;
			buildSettings = {
				CODE_SIGN_STYLE = Automatic;
				DEVELOPMENT_TEAM = CDNDP3ZYKL;
				PRODUCT_NAME = "$(TARGET_NAME)";
				SWIFT_VERSION = 4.2;
			};
			name = Debug;
		};
		8A9C5EFC2240AAA600EE0CE0 /* Release */ = {
			isa = XCBuildConfiguration;
			buildSettings = {
				CODE_SIGN_STYLE = Automatic;
				DEVELOPMENT_TEAM = CDNDP3ZYKL;
				PRODUCT_NAME = "$(TARGET_NAME)";
				SWIFT_VERSION = 4.2;
			};
			name = Release;
		};
/* End XCBuildConfiguration section */

/* Begin XCConfigurationList section */
		8A9C5EEE2240AAA600EE0CE0 /* Build configuration list for PBXProject "LeetCodeChallenge" */ = {
			isa = XCConfigurationList;
			buildConfigurations = (
				8A9C5EF82240AAA600EE0CE0 /* Debug */,
				8A9C5EF92240AAA600EE0CE0 /* Release */,
			);
			defaultConfigurationIsVisible = 0;
			defaultConfigurationName = Release;
		};
		8A9C5EFA2240AAA600EE0CE0 /* Build configuration list for PBXNativeTarget "LeetCodeChallenge" */ = {
			isa = XCConfigurationList;
			buildConfigurations = (
				8A9C5EFB2240AAA600EE0CE0 /* Debug */,
				8A9C5EFC2240AAA600EE0CE0 /* Release */,
			);
			defaultConfigurationIsVisible = 0;
			defaultConfigurationName = Release;
		};
/* End XCConfigurationList section */
	};
	rootObject = 8A9C5EEB2240AAA600EE0CE0 /* Project object */;
}
