// !$*UTF8*$!
{
	archiveVersion = 1;
	classes = {
	};
	objectVersion = 50;
	objects = {

/* Begin PBXBuildFile section */
		8A050D6D2244AA19009BCF92 /* 7_UniqueEmails.swift in Sources */ = {isa = PBXBuildFile; fileRef = 8A050D6C2244AA19009BCF92 /* 7_UniqueEmails.swift */; };
		8A050D6F2244BC8B009BCF92 /* 8_MorseCode.swift in Sources */ = {isa = PBXBuildFile; fileRef = 8A050D6E2244BC8B009BCF92 /* 8_MorseCode.swift */; };
		8A050D712244C3FC009BCF92 /* 9_NRepeated.swift in Sources */ = {isa = PBXBuildFile; fileRef = 8A050D702244C3FC009BCF92 /* 9_NRepeated.swift */; };
		8A2AA0F8225DBAF800118112 /* 25_MergeSortedLinkedLists.swift in Sources */ = {isa = PBXBuildFile; fileRef = 8A2AA0F7225DBAF800118112 /* 25_MergeSortedLinkedLists.swift */; };
		8A47620E2259E856008EA1B0 /* 24_BuyStock.swift in Sources */ = {isa = PBXBuildFile; fileRef = 8A47620D2259E856008EA1B0 /* 24_BuyStock.swift */; };
		8A5C61AD22683BC40020188B /* 31_MergeTwoSortedArrays.swift in Sources */ = {isa = PBXBuildFile; fileRef = 8A5C61AC22683BC40020188B /* 31_MergeTwoSortedArrays.swift */; };
		8A714C45227E9B5F00A95D39 /* 35_LongestPalindrome.swift in Sources */ = {isa = PBXBuildFile; fileRef = 8A714C44227E9B5F00A95D39 /* 35_LongestPalindrome.swift */; };
		8A714C47227FB80500A95D39 /* 36_NumberOfCombinations.swift in Sources */ = {isa = PBXBuildFile; fileRef = 8A714C46227FB80500A95D39 /* 36_NumberOfCombinations.swift */; };
		8A78338E2287CDD60054B3D1 /* 39_MergeIntervals.swift in Sources */ = {isa = PBXBuildFile; fileRef = 8A78338D2287CDD60054B3D1 /* 39_MergeIntervals.swift */; };
		8A7833902288CE740054B3D1 /* 40_MinimumMeetingRooms.swift in Sources */ = {isa = PBXBuildFile; fileRef = 8A78338F2288CE740054B3D1 /* 40_MinimumMeetingRooms.swift */; };
		8A7833922288F5180054B3D1 /* 41_ProductOfArrayExceptSelf.swift in Sources */ = {isa = PBXBuildFile; fileRef = 8A7833912288F5180054B3D1 /* 41_ProductOfArrayExceptSelf.swift */; };
		8A783394228A9BE00054B3D1 /* 42_MaxArea.swift in Sources */ = {isa = PBXBuildFile; fileRef = 8A783393228A9BE00054B3D1 /* 42_MaxArea.swift */; };
		8A783396228D06CF0054B3D1 /* 43_RotatedSortedArray.swift in Sources */ = {isa = PBXBuildFile; fileRef = 8A783395228D06CF0054B3D1 /* 43_RotatedSortedArray.swift */; };
		8A7914B42247DBCE0050DFD3 /* 13_ReturnToOrigin.swift in Sources */ = {isa = PBXBuildFile; fileRef = 8A7914B32247DBCE0050DFD3 /* 13_ReturnToOrigin.swift */; };
		8A7914B62247FA070050DFD3 /* 14_DIStringMatch.swift in Sources */ = {isa = PBXBuildFile; fileRef = 8A7914B52247FA070050DFD3 /* 14_DIStringMatch.swift */; };
		8A7914B822481FB10050DFD3 /* 15_HammingDistance.swift in Sources */ = {isa = PBXBuildFile; fileRef = 8A7914B722481FB10050DFD3 /* 15_HammingDistance.swift */; };
		8A7914BA224830270050DFD3 /* 16_DeleteColumnsSorted.swift in Sources */ = {isa = PBXBuildFile; fileRef = 8A7914B9224830270050DFD3 /* 16_DeleteColumnsSorted.swift */; };
		8A7914BC22483B040050DFD3 /* 17_MergeBinaryTrees.swift in Sources */ = {isa = PBXBuildFile; fileRef = 8A7914BB22483B040050DFD3 /* 17_MergeBinaryTrees.swift */; };
		8A7914BE224890930050DFD3 /* 18_SubdomainVisitCount.swift in Sources */ = {isa = PBXBuildFile; fileRef = 8A7914BD224890930050DFD3 /* 18_SubdomainVisitCount.swift */; };
		8A86F6DF2280121D008BCE63 /* 37_LongestNonRepeatSubstring.swift in Sources */ = {isa = PBXBuildFile; fileRef = 8A86F6DE2280121D008BCE63 /* 37_LongestNonRepeatSubstring.swift */; };
		8A97BCCE22604ED300B5C353 /* 26_MaxSubArray.swift in Sources */ = {isa = PBXBuildFile; fileRef = 8A97BCCD22604ED300B5C353 /* 26_MaxSubArray.swift */; };
		8A97BCD02262F56600B5C353 /* 27_PalindromeNumber.swift in Sources */ = {isa = PBXBuildFile; fileRef = 8A97BCCF2262F56600B5C353 /* 27_PalindromeNumber.swift */; };
		8A97BCD222640CC500B5C353 /* 28_MaxStack.swift in Sources */ = {isa = PBXBuildFile; fileRef = 8A97BCD122640CC500B5C353 /* 28_MaxStack.swift */; };
		8A97BCD42264423E00B5C353 /* 29_ParenthesisCheck.swift in Sources */ = {isa = PBXBuildFile; fileRef = 8A97BCD32264423E00B5C353 /* 29_ParenthesisCheck.swift */; };
		8A9C5EF72240AAA600EE0CE0 /* main.swift in Sources */ = {isa = PBXBuildFile; fileRef = 8A9C5EF62240AAA600EE0CE0 /* main.swift */; };
		8A9C5EFF2240AABE00EE0CE0 /* 1_TwoSums.swift in Sources */ = {isa = PBXBuildFile; fileRef = 8A9C5EFE2240AABE00EE0CE0 /* 1_TwoSums.swift */; };
		8A9C5F012240AC9400EE0CE0 /* 2_TwoSumsBST.swift in Sources */ = {isa = PBXBuildFile; fileRef = 8A9C5F002240AC9400EE0CE0 /* 2_TwoSumsBST.swift */; };
		8A9C5F122241EF2C00EE0CE0 /* 3_TwoSumsOOP.swift in Sources */ = {isa = PBXBuildFile; fileRef = 8A9C5F112241EF2C00EE0CE0 /* 3_TwoSumsOOP.swift */; };
		8A9C5F142242002000EE0CE0 /* 4_JewelsAndStones.swift in Sources */ = {isa = PBXBuildFile; fileRef = 8A9C5F132242002000EE0CE0 /* 4_JewelsAndStones.swift */; };
		8A9C5F1622420A0600EE0CE0 /* 5_AnagramMappings.swift in Sources */ = {isa = PBXBuildFile; fileRef = 8A9C5F1522420A0600EE0CE0 /* 5_AnagramMappings.swift */; };
		8A9C5F182242116000EE0CE0 /* 6_ToLowerString.swift in Sources */ = {isa = PBXBuildFile; fileRef = 8A9C5F172242116000EE0CE0 /* 6_ToLowerString.swift */; };
		8A9DF11E2245ED2E000543F1 /* 10_SortedSquares.swift in Sources */ = {isa = PBXBuildFile; fileRef = 8A9DF11D2245ED2E000543F1 /* 10_SortedSquares.swift */; };
		8A9DF1202245FD66000543F1 /* 11_SortArrayByParity.swift in Sources */ = {isa = PBXBuildFile; fileRef = 8A9DF11F2245FD66000543F1 /* 11_SortArrayByParity.swift */; };
		8A9DF12222460B9D000543F1 /* 12_ImageFlip.swift in Sources */ = {isa = PBXBuildFile; fileRef = 8A9DF12122460B9D000543F1 /* 12_ImageFlip.swift */; };
		8AA697012266F40C00D52898 /* 30_ReverseInteger.swift in Sources */ = {isa = PBXBuildFile; fileRef = 8AA697002266F40C00D52898 /* 30_ReverseInteger.swift */; };
		8ABF9B4322592F3F0062ABC3 /* 23_RomanToInt.swift in Sources */ = {isa = PBXBuildFile; fileRef = 8ABF9B4222592F3F0062ABC3 /* 23_RomanToInt.swift */; };
		8AEEE93A226EDA3D00037658 /* 32_AddBinary.swift in Sources */ = {isa = PBXBuildFile; fileRef = 8AEEE939226EDA3D00037658 /* 32_AddBinary.swift */; };
		8AEEE93E226EF5FC00037658 /* 33_AddTwoNumbers.swift in Sources */ = {isa = PBXBuildFile; fileRef = 8AEEE93D226EF5FC00037658 /* 33_AddTwoNumbers.swift */; };
		8AEEE940226F00EA00037658 /* 34_NumberOfIslands.swift in Sources */ = {isa = PBXBuildFile; fileRef = 8AEEE93F226F00EA00037658 /* 34_NumberOfIslands.swift */; };
		8AF28758224DBBF8000158FC /* 19_ReverseString.swift in Sources */ = {isa = PBXBuildFile; fileRef = 8AF28757224DBBF8000158FC /* 19_ReverseString.swift */; };
		8AF2875A224DC0FC000158FC /* 20_FizzBuzz.swift in Sources */ = {isa = PBXBuildFile; fileRef = 8AF28759224DC0FC000158FC /* 20_FizzBuzz.swift */; };
		8AF2875C224DC90F000158FC /* 21_MoveZeroes.swift in Sources */ = {isa = PBXBuildFile; fileRef = 8AF2875B224DC90F000158FC /* 21_MoveZeroes.swift */; };
		8AF2875E224DDC13000158FC /* 22_ReverseLinkedList.swift in Sources */ = {isa = PBXBuildFile; fileRef = 8AF2875D224DDC13000158FC /* 22_ReverseLinkedList.swift */; };
		8AFFA5EE2282A03500160992 /* 38_3Sum.swift in Sources */ = {isa = PBXBuildFile; fileRef = 8AFFA5ED2282A03500160992 /* 38_3Sum.swift */; };
/* End PBXBuildFile section */

/* Begin PBXCopyFilesBuildPhase section */
		8A9C5EF12240AAA600EE0CE0 /* CopyFiles */ = {
			isa = PBXCopyFilesBuildPhase;
			buildActionMask = 2147483647;
			dstPath = /usr/share/man/man1/;
			dstSubfolderSpec = 0;
			files = (
			);
			runOnlyForDeploymentPostprocessing = 1;
		};
/* End PBXCopyFilesBuildPhase section */

/* Begin PBXFileReference section */
		8A050D6C2244AA19009BCF92 /* 7_UniqueEmails.swift */ = {isa = PBXFileReference; lastKnownFileType = sourcecode.swift; path = 7_UniqueEmails.swift; sourceTree = "<group>"; };
		8A050D6E2244BC8B009BCF92 /* 8_MorseCode.swift */ = {isa = PBXFileReference; lastKnownFileType = sourcecode.swift; path = 8_MorseCode.swift; sourceTree = "<group>"; };
		8A050D702244C3FC009BCF92 /* 9_NRepeated.swift */ = {isa = PBXFileReference; lastKnownFileType = sourcecode.swift; path = 9_NRepeated.swift; sourceTree = "<group>"; };
		8A2AA0F7225DBAF800118112 /* 25_MergeSortedLinkedLists.swift */ = {isa = PBXFileReference; lastKnownFileType = sourcecode.swift; path = 25_MergeSortedLinkedLists.swift; sourceTree = "<group>"; };
		8A47620D2259E856008EA1B0 /* 24_BuyStock.swift */ = {isa = PBXFileReference; lastKnownFileType = sourcecode.swift; path = 24_BuyStock.swift; sourceTree = "<group>"; };
		8A5C61AC22683BC40020188B /* 31_MergeTwoSortedArrays.swift */ = {isa = PBXFileReference; lastKnownFileType = sourcecode.swift; path = 31_MergeTwoSortedArrays.swift; sourceTree = "<group>"; };
		8A714C44227E9B5F00A95D39 /* 35_LongestPalindrome.swift */ = {isa = PBXFileReference; lastKnownFileType = sourcecode.swift; path = 35_LongestPalindrome.swift; sourceTree = "<group>"; };
		8A714C46227FB80500A95D39 /* 36_NumberOfCombinations.swift */ = {isa = PBXFileReference; lastKnownFileType = sourcecode.swift; path = 36_NumberOfCombinations.swift; sourceTree = "<group>"; };
		8A78338D2287CDD60054B3D1 /* 39_MergeIntervals.swift */ = {isa = PBXFileReference; lastKnownFileType = sourcecode.swift; path = 39_MergeIntervals.swift; sourceTree = "<group>"; };
		8A78338F2288CE740054B3D1 /* 40_MinimumMeetingRooms.swift */ = {isa = PBXFileReference; lastKnownFileType = sourcecode.swift; path = 40_MinimumMeetingRooms.swift; sourceTree = "<group>"; };
		8A7833912288F5180054B3D1 /* 41_ProductOfArrayExceptSelf.swift */ = {isa = PBXFileReference; lastKnownFileType = sourcecode.swift; path = 41_ProductOfArrayExceptSelf.swift; sourceTree = "<group>"; };
		8A783393228A9BE00054B3D1 /* 42_MaxArea.swift */ = {isa = PBXFileReference; lastKnownFileType = sourcecode.swift; path = 42_MaxArea.swift; sourceTree = "<group>"; };
		8A783395228D06CF0054B3D1 /* 43_RotatedSortedArray.swift */ = {isa = PBXFileReference; lastKnownFileType = sourcecode.swift; path = 43_RotatedSortedArray.swift; sourceTree = "<group>"; };
		8A7914B32247DBCE0050DFD3 /* 13_ReturnToOrigin.swift */ = {isa = PBXFileReference; lastKnownFileType = sourcecode.swift; path = 13_ReturnToOrigin.swift; sourceTree = "<group>"; };
		8A7914B52247FA070050DFD3 /* 14_DIStringMatch.swift */ = {isa = PBXFileReference; lastKnownFileType = sourcecode.swift; path = 14_DIStringMatch.swift; sourceTree = "<group>"; };
		8A7914B722481FB10050DFD3 /* 15_HammingDistance.swift */ = {isa = PBXFileReference; lastKnownFileType = sourcecode.swift; path = 15_HammingDistance.swift; sourceTree = "<group>"; };
		8A7914B9224830270050DFD3 /* 16_DeleteColumnsSorted.swift */ = {isa = PBXFileReference; lastKnownFileType = sourcecode.swift; path = 16_DeleteColumnsSorted.swift; sourceTree = "<group>"; };
		8A7914BB22483B040050DFD3 /* 17_MergeBinaryTrees.swift */ = {isa = PBXFileReference; lastKnownFileType = sourcecode.swift; path = 17_MergeBinaryTrees.swift; sourceTree = "<group>"; };
		8A7914BD224890930050DFD3 /* 18_SubdomainVisitCount.swift */ = {isa = PBXFileReference; lastKnownFileType = sourcecode.swift; path = 18_SubdomainVisitCount.swift; sourceTree = "<group>"; };
		8A86F6DE2280121D008BCE63 /* 37_LongestNonRepeatSubstring.swift */ = {isa = PBXFileReference; lastKnownFileType = sourcecode.swift; path = 37_LongestNonRepeatSubstring.swift; sourceTree = "<group>"; };
		8A97BCCD22604ED300B5C353 /* 26_MaxSubArray.swift */ = {isa = PBXFileReference; lastKnownFileType = sourcecode.swift; path = 26_MaxSubArray.swift; sourceTree = "<group>"; };
		8A97BCCF2262F56600B5C353 /* 27_PalindromeNumber.swift */ = {isa = PBXFileReference; lastKnownFileType = sourcecode.swift; path = 27_PalindromeNumber.swift; sourceTree = "<group>"; };
		8A97BCD122640CC500B5C353 /* 28_MaxStack.swift */ = {isa = PBXFileReference; lastKnownFileType = sourcecode.swift; path = 28_MaxStack.swift; sourceTree = "<group>"; };
		8A97BCD32264423E00B5C353 /* 29_ParenthesisCheck.swift */ = {isa = PBXFileReference; lastKnownFileType = sourcecode.swift; path = 29_ParenthesisCheck.swift; sourceTree = "<group>"; };
		8A9C5EF32240AAA600EE0CE0 /* LeetCodeChallenge */ = {isa = PBXFileReference; explicitFileType = "compiled.mach-o.executable"; includeInIndex = 0; path = LeetCodeChallenge; sourceTree = BUILT_PRODUCTS_DIR; };
		8A9C5EF62240AAA600EE0CE0 /* main.swift */ = {isa = PBXFileReference; lastKnownFileType = sourcecode.swift; path = main.swift; sourceTree = "<group>"; };
		8A9C5EFE2240AABE00EE0CE0 /* 1_TwoSums.swift */ = {isa = PBXFileReference; lastKnownFileType = sourcecode.swift; path = 1_TwoSums.swift; sourceTree = "<group>"; };
		8A9C5F002240AC9400EE0CE0 /* 2_TwoSumsBST.swift */ = {isa = PBXFileReference; lastKnownFileType = sourcecode.swift; path = 2_TwoSumsBST.swift; sourceTree = "<group>"; };
		8A9C5F112241EF2C00EE0CE0 /* 3_TwoSumsOOP.swift */ = {isa = PBXFileReference; lastKnownFileType = sourcecode.swift; path = 3_TwoSumsOOP.swift; sourceTree = "<group>"; };
		8A9C5F132242002000EE0CE0 /* 4_JewelsAndStones.swift */ = {isa = PBXFileReference; lastKnownFileType = sourcecode.swift; path = 4_JewelsAndStones.swift; sourceTree = "<group>"; };
		8A9C5F1522420A0600EE0CE0 /* 5_AnagramMappings.swift */ = {isa = PBXFileReference; lastKnownFileType = sourcecode.swift; path = 5_AnagramMappings.swift; sourceTree = "<group>"; };
		8A9C5F172242116000EE0CE0 /* 6_ToLowerString.swift */ = {isa = PBXFileReference; lastKnownFileType = sourcecode.swift; path = 6_ToLowerString.swift; sourceTree = "<group>"; };
		8A9DF11D2245ED2E000543F1 /* 10_SortedSquares.swift */ = {isa = PBXFileReference; lastKnownFileType = sourcecode.swift; path = 10_SortedSquares.swift; sourceTree = "<group>"; };
		8A9DF11F2245FD66000543F1 /* 11_SortArrayByParity.swift */ = {isa = PBXFileReference; lastKnownFileType = sourcecode.swift; path = 11_SortArrayByParity.swift; sourceTree = "<group>"; };
		8A9DF12122460B9D000543F1 /* 12_ImageFlip.swift */ = {isa = PBXFileReference; lastKnownFileType = sourcecode.swift; path = 12_ImageFlip.swift; sourceTree = "<group>"; };
		8AA697002266F40C00D52898 /* 30_ReverseInteger.swift */ = {isa = PBXFileReference; lastKnownFileType = sourcecode.swift; path = 30_ReverseInteger.swift; sourceTree = "<group>"; };
		8ABF9B4222592F3F0062ABC3 /* 23_RomanToInt.swift */ = {isa = PBXFileReference; fileEncoding = 4; lastKnownFileType = sourcecode.swift; path = 23_RomanToInt.swift; sourceTree = "<group>"; };
		8AEEE939226EDA3D00037658 /* 32_AddBinary.swift */ = {isa = PBXFileReference; lastKnownFileType = sourcecode.swift; path = 32_AddBinary.swift; sourceTree = "<group>"; };
		8AEEE93D226EF5FC00037658 /* 33_AddTwoNumbers.swift */ = {isa = PBXFileReference; lastKnownFileType = sourcecode.swift; path = 33_AddTwoNumbers.swift; sourceTree = "<group>"; };
		8AEEE93F226F00EA00037658 /* 34_NumberOfIslands.swift */ = {isa = PBXFileReference; lastKnownFileType = sourcecode.swift; path = 34_NumberOfIslands.swift; sourceTree = "<group>"; };
		8AF28757224DBBF8000158FC /* 19_ReverseString.swift */ = {isa = PBXFileReference; lastKnownFileType = sourcecode.swift; path = 19_ReverseString.swift; sourceTree = "<group>"; };
		8AF28759224DC0FC000158FC /* 20_FizzBuzz.swift */ = {isa = PBXFileReference; lastKnownFileType = sourcecode.swift; path = 20_FizzBuzz.swift; sourceTree = "<group>"; };
		8AF2875B224DC90F000158FC /* 21_MoveZeroes.swift */ = {isa = PBXFileReference; lastKnownFileType = sourcecode.swift; path = 21_MoveZeroes.swift; sourceTree = "<group>"; };
		8AF2875D224DDC13000158FC /* 22_ReverseLinkedList.swift */ = {isa = PBXFileReference; lastKnownFileType = sourcecode.swift; path = 22_ReverseLinkedList.swift; sourceTree = "<group>"; };
		8AFFA5ED2282A03500160992 /* 38_3Sum.swift */ = {isa = PBXFileReference; lastKnownFileType = sourcecode.swift; path = 38_3Sum.swift; sourceTree = "<group>"; };
/* End PBXFileReference section */

/* Begin PBXFrameworksBuildPhase section */
		8A9C5EF02240AAA600EE0CE0 /* Frameworks */ = {
			isa = PBXFrameworksBuildPhase;
			buildActionMask = 2147483647;
			files = (
			);
			runOnlyForDeploymentPostprocessing = 0;
		};
/* End PBXFrameworksBuildPhase section */

/* Begin PBXGroup section */
		8A9C5EEA2240AAA600EE0CE0 = {
			isa = PBXGroup;
			children = (
				8A9C5EF62240AAA600EE0CE0 /* main.swift */,
				8A9C5EFD2240AAAA00EE0CE0 /* Challenges */,
				8A9C5EF42240AAA600EE0CE0 /* Products */,
			);
			sourceTree = "<group>";
		};
		8A9C5EF42240AAA600EE0CE0 /* Products */ = {
			isa = PBXGroup;
			children = (
				8A9C5EF32240AAA600EE0CE0 /* LeetCodeChallenge */,
			);
			name = Products;
			sourceTree = "<group>";
		};
		8A9C5EFD2240AAAA00EE0CE0 /* Challenges */ = {
			isa = PBXGroup;
			children = (
				8AEEE93B226EEE8D00037658 /* Easy */,
				8AEEE93C226EEEA400037658 /* Medium */,
			);
			path = Challenges;
			sourceTree = "<group>";
		};
		8AEEE93B226EEE8D00037658 /* Easy */ = {
			isa = PBXGroup;
			children = (
				8A9C5EFE2240AABE00EE0CE0 /* 1_TwoSums.swift */,
				8A9C5F002240AC9400EE0CE0 /* 2_TwoSumsBST.swift */,
				8A9C5F112241EF2C00EE0CE0 /* 3_TwoSumsOOP.swift */,
				8A9C5F132242002000EE0CE0 /* 4_JewelsAndStones.swift */,
				8A9C5F1522420A0600EE0CE0 /* 5_AnagramMappings.swift */,
				8A9C5F172242116000EE0CE0 /* 6_ToLowerString.swift */,
				8A050D6C2244AA19009BCF92 /* 7_UniqueEmails.swift */,
				8A050D6E2244BC8B009BCF92 /* 8_MorseCode.swift */,
				8A050D702244C3FC009BCF92 /* 9_NRepeated.swift */,
				8A9DF11D2245ED2E000543F1 /* 10_SortedSquares.swift */,
				8A9DF11F2245FD66000543F1 /* 11_SortArrayByParity.swift */,
				8A9DF12122460B9D000543F1 /* 12_ImageFlip.swift */,
				8A7914B32247DBCE0050DFD3 /* 13_ReturnToOrigin.swift */,
				8A7914B52247FA070050DFD3 /* 14_DIStringMatch.swift */,
				8A7914B722481FB10050DFD3 /* 15_HammingDistance.swift */,
				8A7914B9224830270050DFD3 /* 16_DeleteColumnsSorted.swift */,
				8A7914BB22483B040050DFD3 /* 17_MergeBinaryTrees.swift */,
				8A7914BD224890930050DFD3 /* 18_SubdomainVisitCount.swift */,
				8AF28757224DBBF8000158FC /* 19_ReverseString.swift */,
				8AF28759224DC0FC000158FC /* 20_FizzBuzz.swift */,
				8AF2875B224DC90F000158FC /* 21_MoveZeroes.swift */,
				8AF2875D224DDC13000158FC /* 22_ReverseLinkedList.swift */,
				8ABF9B4222592F3F0062ABC3 /* 23_RomanToInt.swift */,
				8A47620D2259E856008EA1B0 /* 24_BuyStock.swift */,
				8A2AA0F7225DBAF800118112 /* 25_MergeSortedLinkedLists.swift */,
				8A97BCCD22604ED300B5C353 /* 26_MaxSubArray.swift */,
				8A97BCCF2262F56600B5C353 /* 27_PalindromeNumber.swift */,
				8A97BCD122640CC500B5C353 /* 28_MaxStack.swift */,
				8A97BCD32264423E00B5C353 /* 29_ParenthesisCheck.swift */,
				8AA697002266F40C00D52898 /* 30_ReverseInteger.swift */,
				8A5C61AC22683BC40020188B /* 31_MergeTwoSortedArrays.swift */,
				8AEEE939226EDA3D00037658 /* 32_AddBinary.swift */,
				8AEEE93D226EF5FC00037658 /* 33_AddTwoNumbers.swift */,
			);
			path = Easy;
			sourceTree = "<group>";
		};
		8AEEE93C226EEEA400037658 /* Medium */ = {
			isa = PBXGroup;
			children = (
				8AEEE93F226F00EA00037658 /* 34_NumberOfIslands.swift */,
				8A714C44227E9B5F00A95D39 /* 35_LongestPalindrome.swift */,
				8A714C46227FB80500A95D39 /* 36_NumberOfCombinations.swift */,
				8A86F6DE2280121D008BCE63 /* 37_LongestNonRepeatSubstring.swift */,
				8AFFA5ED2282A03500160992 /* 38_3Sum.swift */,
				8A78338D2287CDD60054B3D1 /* 39_MergeIntervals.swift */,
				8A78338F2288CE740054B3D1 /* 40_MinimumMeetingRooms.swift */,
				8A7833912288F5180054B3D1 /* 41_ProductOfArrayExceptSelf.swift */,
				8A783393228A9BE00054B3D1 /* 42_MaxArea.swift */,
				8A783395228D06CF0054B3D1 /* 43_RotatedSortedArray.swift */,
			);
			path = Medium;
			sourceTree = "<group>";
		};
/* End PBXGroup section */

/* Begin PBXNativeTarget section */
		8A9C5EF22240AAA600EE0CE0 /* LeetCodeChallenge */ = {
			isa = PBXNativeTarget;
			buildConfigurationList = 8A9C5EFA2240AAA600EE0CE0 /* Build configuration list for PBXNativeTarget "LeetCodeChallenge" */;
			buildPhases = (
				8A9C5EEF2240AAA600EE0CE0 /* Sources */,
				8A9C5EF02240AAA600EE0CE0 /* Frameworks */,
				8A9C5EF12240AAA600EE0CE0 /* CopyFiles */,
			);
			buildRules = (
			);
			dependencies = (
			);
			name = LeetCodeChallenge;
			productName = LeetCodeChallenge;
			productReference = 8A9C5EF32240AAA600EE0CE0 /* LeetCodeChallenge */;
			productType = "com.apple.product-type.tool";
		};
/* End PBXNativeTarget section */

/* Begin PBXProject section */
		8A9C5EEB2240AAA600EE0CE0 /* Project object */ = {
			isa = PBXProject;
			attributes = {
				LastSwiftUpdateCheck = 1010;
				LastUpgradeCheck = 1010;
				ORGANIZATIONNAME = "TrackVia, Inc.";
				TargetAttributes = {
					8A9C5EF22240AAA600EE0CE0 = {
						CreatedOnToolsVersion = 10.1;
						LastSwiftMigration = 1020;
					};
				};
			};
			buildConfigurationList = 8A9C5EEE2240AAA600EE0CE0 /* Build configuration list for PBXProject "LeetCodeChallenge" */;
			compatibilityVersion = "Xcode 9.3";
			developmentRegion = en;
			hasScannedForEncodings = 0;
			knownRegions = (
				en,
				Base,
			);
			mainGroup = 8A9C5EEA2240AAA600EE0CE0;
			productRefGroup = 8A9C5EF42240AAA600EE0CE0 /* Products */;
			projectDirPath = "";
			projectRoot = "";
			targets = (
				8A9C5EF22240AAA600EE0CE0 /* LeetCodeChallenge */,
			);
		};
/* End PBXProject section */

/* Begin PBXSourcesBuildPhase section */
		8A9C5EEF2240AAA600EE0CE0 /* Sources */ = {
			isa = PBXSourcesBuildPhase;
			buildActionMask = 2147483647;
			files = (
				8A9C5F012240AC9400EE0CE0 /* 2_TwoSumsBST.swift in Sources */,
				8AEEE93E226EF5FC00037658 /* 33_AddTwoNumbers.swift in Sources */,
				8A7833902288CE740054B3D1 /* 40_MinimumMeetingRooms.swift in Sources */,
				8A47620E2259E856008EA1B0 /* 24_BuyStock.swift in Sources */,
				8AEEE940226F00EA00037658 /* 34_NumberOfIslands.swift in Sources */,
				8A9DF11E2245ED2E000543F1 /* 10_SortedSquares.swift in Sources */,
				8A9C5F142242002000EE0CE0 /* 4_JewelsAndStones.swift in Sources */,
				8A9C5F1622420A0600EE0CE0 /* 5_AnagramMappings.swift in Sources */,
				8A97BCCE22604ED300B5C353 /* 26_MaxSubArray.swift in Sources */,
				8A7914BA224830270050DFD3 /* 16_DeleteColumnsSorted.swift in Sources */,
				8A7914B822481FB10050DFD3 /* 15_HammingDistance.swift in Sources */,
				8A5C61AD22683BC40020188B /* 31_MergeTwoSortedArrays.swift in Sources */,
				8A714C45227E9B5F00A95D39 /* 35_LongestPalindrome.swift in Sources */,
				8A7914BE224890930050DFD3 /* 18_SubdomainVisitCount.swift in Sources */,
				8A78338E2287CDD60054B3D1 /* 39_MergeIntervals.swift in Sources */,
				8A9C5EFF2240AABE00EE0CE0 /* 1_TwoSums.swift in Sources */,
				8A7914BC22483B040050DFD3 /* 17_MergeBinaryTrees.swift in Sources */,
				8A9DF1202245FD66000543F1 /* 11_SortArrayByParity.swift in Sources */,
				8AEEE93A226EDA3D00037658 /* 32_AddBinary.swift in Sources */,
				8A050D712244C3FC009BCF92 /* 9_NRepeated.swift in Sources */,
				8A9C5EF72240AAA600EE0CE0 /* main.swift in Sources */,
				8A86F6DF2280121D008BCE63 /* 37_LongestNonRepeatSubstring.swift in Sources */,
				8A97BCD222640CC500B5C353 /* 28_MaxStack.swift in Sources */,
				8A783396228D06CF0054B3D1 /* 43_RotatedSortedArray.swift in Sources */,
				8AA697012266F40C00D52898 /* 30_ReverseInteger.swift in Sources */,
				8A9C5F182242116000EE0CE0 /* 6_ToLowerString.swift in Sources */,
				8A714C47227FB80500A95D39 /* 36_NumberOfCombinations.swift in Sources */,
				8AFFA5EE2282A03500160992 /* 38_3Sum.swift in Sources */,
				8A97BCD42264423E00B5C353 /* 29_ParenthesisCheck.swift in Sources */,
				8AF28758224DBBF8000158FC /* 19_ReverseString.swift in Sources */,
				8A9C5F122241EF2C00EE0CE0 /* 3_TwoSumsOOP.swift in Sources */,
				8AF2875C224DC90F000158FC /* 21_MoveZeroes.swift in Sources */,
				8AF2875E224DDC13000158FC /* 22_ReverseLinkedList.swift in Sources */,
				8A9DF12222460B9D000543F1 /* 12_ImageFlip.swift in Sources */,
				8A783394228A9BE00054B3D1 /* 42_MaxArea.swift in Sources */,
				8A97BCD02262F56600B5C353 /* 27_PalindromeNumber.swift in Sources */,
				8A7914B62247FA070050DFD3 /* 14_DIStringMatch.swift in Sources */,
				8A050D6D2244AA19009BCF92 /* 7_UniqueEmails.swift in Sources */,
				8A7833922288F5180054B3D1 /* 41_ProductOfArrayExceptSelf.swift in Sources */,
				8A7914B42247DBCE0050DFD3 /* 13_ReturnToOrigin.swift in Sources */,
				8ABF9B4322592F3F0062ABC3 /* 23_RomanToInt.swift in Sources */,
				8A2AA0F8225DBAF800118112 /* 25_MergeSortedLinkedLists.swift in Sources */,
				8A050D6F2244BC8B009BCF92 /* 8_MorseCode.swift in Sources */,
				8AF2875A224DC0FC000158FC /* 20_FizzBuzz.swift in Sources */,
			);
			runOnlyForDeploymentPostprocessing = 0;
		};
/* End PBXSourcesBuildPhase section */

/* Begin XCBuildConfiguration section */
		8A9C5EF82240AAA600EE0CE0 /* Debug */ = {
			isa = XCBuildConfiguration;
			buildSettings = {
				ALWAYS_EMBED_SWIFT_STANDARD_LIBRARIES = NO;
				ALWAYS_SEARCH_USER_PATHS = NO;
				CLANG_ANALYZER_NONNULL = YES;
				CLANG_ANALYZER_NUMBER_OBJECT_CONVERSION = YES_AGGRESSIVE;
				CLANG_CXX_LANGUAGE_STANDARD = "gnu++14";
				CLANG_CXX_LIBRARY = "libc++";
				CLANG_ENABLE_MODULES = YES;
				CLANG_ENABLE_OBJC_ARC = YES;
				CLANG_ENABLE_OBJC_WEAK = YES;
				CLANG_WARN_BLOCK_CAPTURE_AUTORELEASING = YES;
				CLANG_WARN_BOOL_CONVERSION = YES;
				CLANG_WARN_COMMA = YES;
				CLANG_WARN_CONSTANT_CONVERSION = YES;
				CLANG_WARN_DEPRECATED_OBJC_IMPLEMENTATIONS = YES;
				CLANG_WARN_DIRECT_OBJC_ISA_USAGE = YES_ERROR;
				CLANG_WARN_DOCUMENTATION_COMMENTS = YES;
				CLANG_WARN_EMPTY_BODY = YES;
				CLANG_WARN_ENUM_CONVERSION = YES;
				CLANG_WARN_INFINITE_RECURSION = YES;
				CLANG_WARN_INT_CONVERSION = YES;
				CLANG_WARN_NON_LITERAL_NULL_CONVERSION = YES;
				CLANG_WARN_OBJC_IMPLICIT_RETAIN_SELF = YES;
				CLANG_WARN_OBJC_LITERAL_CONVERSION = YES;
				CLANG_WARN_OBJC_ROOT_CLASS = YES_ERROR;
				CLANG_WARN_RANGE_LOOP_ANALYSIS = YES;
				CLANG_WARN_STRICT_PROTOTYPES = YES;
				CLANG_WARN_SUSPICIOUS_MOVE = YES;
				CLANG_WARN_UNGUARDED_AVAILABILITY = YES_AGGRESSIVE;
				CLANG_WARN_UNREACHABLE_CODE = YES;
				CLANG_WARN__DUPLICATE_METHOD_MATCH = YES;
				CODE_SIGN_IDENTITY = "Mac Developer";
				COPY_PHASE_STRIP = NO;
				DEBUG_INFORMATION_FORMAT = dwarf;
				ENABLE_STRICT_OBJC_MSGSEND = YES;
				ENABLE_TESTABILITY = YES;
				GCC_C_LANGUAGE_STANDARD = gnu11;
				GCC_DYNAMIC_NO_PIC = NO;
				GCC_NO_COMMON_BLOCKS = YES;
				GCC_OPTIMIZATION_LEVEL = 0;
				GCC_PREPROCESSOR_DEFINITIONS = (
					"DEBUG=1",
					"$(inherited)",
				);
				GCC_WARN_64_TO_32_BIT_CONVERSION = YES;
				GCC_WARN_ABOUT_RETURN_TYPE = YES_ERROR;
				GCC_WARN_UNDECLARED_SELECTOR = YES;
				GCC_WARN_UNINITIALIZED_AUTOS = YES_AGGRESSIVE;
				GCC_WARN_UNUSED_FUNCTION = YES;
				GCC_WARN_UNUSED_VARIABLE = YES;
				MACOSX_DEPLOYMENT_TARGET = 10.14;
				MTL_ENABLE_DEBUG_INFO = INCLUDE_SOURCE;
				MTL_FAST_MATH = YES;
				ONLY_ACTIVE_ARCH = YES;
				SDKROOT = macosx;
				SWIFT_ACTIVE_COMPILATION_CONDITIONS = DEBUG;
				SWIFT_OPTIMIZATION_LEVEL = "-Onone";
			};
			name = Debug;
		};
		8A9C5EF92240AAA600EE0CE0 /* Release */ = {
			isa = XCBuildConfiguration;
			buildSettings = {
				ALWAYS_EMBED_SWIFT_STANDARD_LIBRARIES = NO;
				ALWAYS_SEARCH_USER_PATHS = NO;
				CLANG_ANALYZER_NONNULL = YES;
				CLANG_ANALYZER_NUMBER_OBJECT_CONVERSION = YES_AGGRESSIVE;
				CLANG_CXX_LANGUAGE_STANDARD = "gnu++14";
				CLANG_CXX_LIBRARY = "libc++";
				CLANG_ENABLE_MODULES = YES;
				CLANG_ENABLE_OBJC_ARC = YES;
				CLANG_ENABLE_OBJC_WEAK = YES;
				CLANG_WARN_BLOCK_CAPTURE_AUTORELEASING = YES;
				CLANG_WARN_BOOL_CONVERSION = YES;
				CLANG_WARN_COMMA = YES;
				CLANG_WARN_CONSTANT_CONVERSION = YES;
				CLANG_WARN_DEPRECATED_OBJC_IMPLEMENTATIONS = YES;
				CLANG_WARN_DIRECT_OBJC_ISA_USAGE = YES_ERROR;
				CLANG_WARN_DOCUMENTATION_COMMENTS = YES;
				CLANG_WARN_EMPTY_BODY = YES;
				CLANG_WARN_ENUM_CONVERSION = YES;
				CLANG_WARN_INFINITE_RECURSION = YES;
				CLANG_WARN_INT_CONVERSION = YES;
				CLANG_WARN_NON_LITERAL_NULL_CONVERSION = YES;
				CLANG_WARN_OBJC_IMPLICIT_RETAIN_SELF = YES;
				CLANG_WARN_OBJC_LITERAL_CONVERSION = YES;
				CLANG_WARN_OBJC_ROOT_CLASS = YES_ERROR;
				CLANG_WARN_RANGE_LOOP_ANALYSIS = YES;
				CLANG_WARN_STRICT_PROTOTYPES = YES;
				CLANG_WARN_SUSPICIOUS_MOVE = YES;
				CLANG_WARN_UNGUARDED_AVAILABILITY = YES_AGGRESSIVE;
				CLANG_WARN_UNREACHABLE_CODE = YES;
				CLANG_WARN__DUPLICATE_METHOD_MATCH = YES;
				CODE_SIGN_IDENTITY = "Mac Developer";
				COPY_PHASE_STRIP = NO;
				DEBUG_INFORMATION_FORMAT = "dwarf-with-dsym";
				ENABLE_NS_ASSERTIONS = NO;
				ENABLE_STRICT_OBJC_MSGSEND = YES;
				GCC_C_LANGUAGE_STANDARD = gnu11;
				GCC_NO_COMMON_BLOCKS = YES;
				GCC_WARN_64_TO_32_BIT_CONVERSION = YES;
				GCC_WARN_ABOUT_RETURN_TYPE = YES_ERROR;
				GCC_WARN_UNDECLARED_SELECTOR = YES;
				GCC_WARN_UNINITIALIZED_AUTOS = YES_AGGRESSIVE;
				GCC_WARN_UNUSED_FUNCTION = YES;
				GCC_WARN_UNUSED_VARIABLE = YES;
				MACOSX_DEPLOYMENT_TARGET = 10.14;
				MTL_ENABLE_DEBUG_INFO = NO;
				MTL_FAST_MATH = YES;
				SDKROOT = macosx;
				SWIFT_COMPILATION_MODE = wholemodule;
				SWIFT_OPTIMIZATION_LEVEL = "-O";
			};
			name = Release;
		};
		8A9C5EFB2240AAA600EE0CE0 /* Debug */ = {
			isa = XCBuildConfiguration;
			buildSettings = {
				ALWAYS_EMBED_SWIFT_STANDARD_LIBRARIES = YES;
				CODE_SIGN_STYLE = Automatic;
				DEVELOPMENT_TEAM = CDNDP3ZYKL;
				LD_RUNPATH_SEARCH_PATHS = (
					"$(inherited)",
					"@executable_path/Frameworks",
					"$(TOOLCHAIN_DIR)/usr/lib/swift/macosx",
				);
				PRODUCT_NAME = "$(TARGET_NAME)";
				SWIFT_VERSION = 5.0;
			};
			name = Debug;
		};
		8A9C5EFC2240AAA600EE0CE0 /* Release */ = {
			isa = XCBuildConfiguration;
			buildSettings = {
				ALWAYS_EMBED_SWIFT_STANDARD_LIBRARIES = YES;
				CODE_SIGN_STYLE = Automatic;
				DEVELOPMENT_TEAM = CDNDP3ZYKL;
				LD_RUNPATH_SEARCH_PATHS = (
					"$(inherited)",
					"@executable_path/Frameworks",
					"$(TOOLCHAIN_DIR)/usr/lib/swift/macosx",
				);
				PRODUCT_NAME = "$(TARGET_NAME)";
				SWIFT_VERSION = 5.0;
			};
			name = Release;
		};
/* End XCBuildConfiguration section */

/* Begin XCConfigurationList section */
		8A9C5EEE2240AAA600EE0CE0 /* Build configuration list for PBXProject "LeetCodeChallenge" */ = {
			isa = XCConfigurationList;
			buildConfigurations = (
				8A9C5EF82240AAA600EE0CE0 /* Debug */,
				8A9C5EF92240AAA600EE0CE0 /* Release */,
			);
			defaultConfigurationIsVisible = 0;
			defaultConfigurationName = Release;
		};
		8A9C5EFA2240AAA600EE0CE0 /* Build configuration list for PBXNativeTarget "LeetCodeChallenge" */ = {
			isa = XCConfigurationList;
			buildConfigurations = (
				8A9C5EFB2240AAA600EE0CE0 /* Debug */,
				8A9C5EFC2240AAA600EE0CE0 /* Release */,
			);
			defaultConfigurationIsVisible = 0;
			defaultConfigurationName = Release;
		};
/* End XCConfigurationList section */
	};
	rootObject = 8A9C5EEB2240AAA600EE0CE0 /* Project object */;
}
